// !$*UTF8*$!
{
	archiveVersion = 1;
	classes = {
	};
	objectVersion = 56;
	objects = {

/* Begin PBXBuildFile section */
		621C148C2C192226005A4520 /* Preview Assets.xcassets in Resources */ = {isa = PBXBuildFile; fileRef = 621C148B2C192226005A4520 /* Preview Assets.xcassets */; };
		624D162F2C18F9310013C1EA /* Models in Frameworks */ = {isa = PBXBuildFile; productRef = 624D162E2C18F9310013C1EA /* Models */; };
		624D16312C18F9310013C1EA /* Views in Frameworks */ = {isa = PBXBuildFile; productRef = 624D16302C18F9310013C1EA /* Views */; };
		62E4E3BD2C16629B00C41789 /* BLEMacroApp.swift in Sources */ = {isa = PBXBuildFile; fileRef = 62E4E3BC2C16629B00C41789 /* BLEMacroApp.swift */; };
		62E4E3C12C16629C00C41789 /* Assets.xcassets in Resources */ = {isa = PBXBuildFile; fileRef = 62E4E3C02C16629C00C41789 /* Assets.xcassets */; };
		62E4E3CF2C16629C00C41789 /* BLEMacroAppTests.swift in Sources */ = {isa = PBXBuildFile; fileRef = 62E4E3CE2C16629C00C41789 /* BLEMacroAppTests.swift */; };
/* End PBXBuildFile section */

/* Begin PBXContainerItemProxy section */
		62E4E3CB2C16629C00C41789 /* PBXContainerItemProxy */ = {
			isa = PBXContainerItemProxy;
			containerPortal = 62E4E3B12C16629B00C41789 /* Project object */;
			proxyType = 1;
			remoteGlobalIDString = 62E4E3B82C16629B00C41789;
			remoteInfo = BLEMacroApp;
		};
/* End PBXContainerItemProxy section */

/* Begin PBXFileReference section */
		621C148B2C192226005A4520 /* Preview Assets.xcassets */ = {isa = PBXFileReference; lastKnownFileType = folder.assetcatalog; path = "Preview Assets.xcassets"; sourceTree = "<group>"; };
		629474A12C171E3E0023B29F /* Info.plist */ = {isa = PBXFileReference; lastKnownFileType = text.plist; path = Info.plist; sourceTree = "<group>"; };
		629474A62C18EF750023B29F /* Package */ = {isa = PBXFileReference; lastKnownFileType = wrapper; path = Package; sourceTree = "<group>"; };
		62E4E3B92C16629B00C41789 /* BLEMacroApp.app */ = {isa = PBXFileReference; explicitFileType = wrapper.application; includeInIndex = 0; path = BLEMacroApp.app; sourceTree = BUILT_PRODUCTS_DIR; };
		62E4E3BC2C16629B00C41789 /* BLEMacroApp.swift */ = {isa = PBXFileReference; lastKnownFileType = sourcecode.swift; path = BLEMacroApp.swift; sourceTree = "<group>"; };
		62E4E3C02C16629C00C41789 /* Assets.xcassets */ = {isa = PBXFileReference; lastKnownFileType = folder.assetcatalog; path = Assets.xcassets; sourceTree = "<group>"; };
		62E4E3C22C16629C00C41789 /* BLEMacroApp.entitlements */ = {isa = PBXFileReference; lastKnownFileType = text.plist.entitlements; path = BLEMacroApp.entitlements; sourceTree = "<group>"; };
		62E4E3CA2C16629C00C41789 /* BLEMacroAppTests.xctest */ = {isa = PBXFileReference; explicitFileType = wrapper.cfbundle; includeInIndex = 0; path = BLEMacroAppTests.xctest; sourceTree = BUILT_PRODUCTS_DIR; };
		62E4E3CE2C16629C00C41789 /* BLEMacroAppTests.swift */ = {isa = PBXFileReference; lastKnownFileType = sourcecode.swift; path = BLEMacroAppTests.swift; sourceTree = "<group>"; };
/* End PBXFileReference section */

/* Begin PBXFrameworksBuildPhase section */
		62E4E3B62C16629B00C41789 /* Frameworks */ = {
			isa = PBXFrameworksBuildPhase;
			buildActionMask = 2147483647;
			files = (
				624D162F2C18F9310013C1EA /* Models in Frameworks */,
				624D16312C18F9310013C1EA /* Views in Frameworks */,
			);
			runOnlyForDeploymentPostprocessing = 0;
		};
		62E4E3C72C16629C00C41789 /* Frameworks */ = {
			isa = PBXFrameworksBuildPhase;
			buildActionMask = 2147483647;
			files = (
			);
			runOnlyForDeploymentPostprocessing = 0;
		};
/* End PBXFrameworksBuildPhase section */

/* Begin PBXGroup section */
		624D162C2C18F9160013C1EA /* Preview Content */ = {
			isa = PBXGroup;
			children = (
				621C148B2C192226005A4520 /* Preview Assets.xcassets */,
			);
			path = "Preview Content";
			sourceTree = "<group>";
		};
		624D162D2C18F9310013C1EA /* Frameworks */ = {
			isa = PBXGroup;
			children = (
			);
			name = Frameworks;
			sourceTree = "<group>";
		};
		629474A52C18EF460023B29F /* Packages */ = {
			isa = PBXGroup;
			children = (
				629474A62C18EF750023B29F /* Package */,
			);
			path = Packages;
			sourceTree = "<group>";
		};
		62E4E3B02C16629B00C41789 = {
			isa = PBXGroup;
			children = (
				629474A52C18EF460023B29F /* Packages */,
				62E4E3BB2C16629B00C41789 /* App */,
				62E4E3CD2C16629C00C41789 /* AppTests */,
				62E4E3BA2C16629B00C41789 /* Products */,
				624D162D2C18F9310013C1EA /* Frameworks */,
			);
			sourceTree = "<group>";
		};
		62E4E3BA2C16629B00C41789 /* Products */ = {
			isa = PBXGroup;
			children = (
				62E4E3B92C16629B00C41789 /* BLEMacroApp.app */,
				62E4E3CA2C16629C00C41789 /* BLEMacroAppTests.xctest */,
			);
			name = Products;
			sourceTree = "<group>";
		};
		62E4E3BB2C16629B00C41789 /* App */ = {
			isa = PBXGroup;
			children = (
				62E4E3C02C16629C00C41789 /* Assets.xcassets */,
				629474A12C171E3E0023B29F /* Info.plist */,
				62E4E3BC2C16629B00C41789 /* BLEMacroApp.swift */,
				62E4E3C22C16629C00C41789 /* BLEMacroApp.entitlements */,
				624D162C2C18F9160013C1EA /* Preview Content */,
			);
			path = App;
			sourceTree = "<group>";
		};
		62E4E3CD2C16629C00C41789 /* AppTests */ = {
			isa = PBXGroup;
			children = (
				62E4E3CE2C16629C00C41789 /* BLEMacroAppTests.swift */,
			);
			path = AppTests;
			sourceTree = "<group>";
		};
/* End PBXGroup section */

/* Begin PBXNativeTarget section */
		62E4E3B82C16629B00C41789 /* BLEMacroApp */ = {
			isa = PBXNativeTarget;
			buildConfigurationList = 62E4E3DE2C16629C00C41789 /* Build configuration list for PBXNativeTarget "BLEMacroApp" */;
			buildPhases = (
				62E4E3B52C16629B00C41789 /* Sources */,
				62E4E3B62C16629B00C41789 /* Frameworks */,
				62E4E3B72C16629B00C41789 /* Resources */,
			);
			buildRules = (
			);
			dependencies = (
			);
			name = BLEMacroApp;
			packageProductDependencies = (
				624D162E2C18F9310013C1EA /* Models */,
				624D16302C18F9310013C1EA /* Views */,
			);
			productName = BLEMacroApp;
			productReference = 62E4E3B92C16629B00C41789 /* BLEMacroApp.app */;
			productType = "com.apple.product-type.application";
		};
		62E4E3C92C16629C00C41789 /* BLEMacroAppTests */ = {
			isa = PBXNativeTarget;
			buildConfigurationList = 62E4E3E12C16629C00C41789 /* Build configuration list for PBXNativeTarget "BLEMacroAppTests" */;
			buildPhases = (
				62E4E3C62C16629C00C41789 /* Sources */,
				62E4E3C72C16629C00C41789 /* Frameworks */,
				62E4E3C82C16629C00C41789 /* Resources */,
			);
			buildRules = (
			);
			dependencies = (
				62E4E3CC2C16629C00C41789 /* PBXTargetDependency */,
			);
			name = BLEMacroAppTests;
			productName = BLEMacroAppTests;
			productReference = 62E4E3CA2C16629C00C41789 /* BLEMacroAppTests.xctest */;
			productType = "com.apple.product-type.bundle.unit-test";
		};
/* End PBXNativeTarget section */

/* Begin PBXProject section */
		62E4E3B12C16629B00C41789 /* Project object */ = {
			isa = PBXProject;
			attributes = {
				BuildIndependentTargetsInParallel = 1;
				LastSwiftUpdateCheck = 1530;
				LastUpgradeCheck = 1600;
				TargetAttributes = {
					62E4E3B82C16629B00C41789 = {
						CreatedOnToolsVersion = 15.3;
					};
					62E4E3C92C16629C00C41789 = {
						CreatedOnToolsVersion = 15.3;
						TestTargetID = 62E4E3B82C16629B00C41789;
					};
				};
			};
			buildConfigurationList = 62E4E3B42C16629B00C41789 /* Build configuration list for PBXProject "BLEMacroApp" */;
			compatibilityVersion = "Xcode 14.0";
			developmentRegion = en;
			hasScannedForEncodings = 0;
			knownRegions = (
				en,
				Base,
			);
			mainGroup = 62E4E3B02C16629B00C41789;
			packageReferences = (
			);
			productRefGroup = 62E4E3BA2C16629B00C41789 /* Products */;
			projectDirPath = "";
			projectRoot = "";
			targets = (
				62E4E3B82C16629B00C41789 /* BLEMacroApp */,
				62E4E3C92C16629C00C41789 /* BLEMacroAppTests */,
			);
		};
/* End PBXProject section */

/* Begin PBXResourcesBuildPhase section */
		62E4E3B72C16629B00C41789 /* Resources */ = {
			isa = PBXResourcesBuildPhase;
			buildActionMask = 2147483647;
			files = (
				621C148C2C192226005A4520 /* Preview Assets.xcassets in Resources */,
				62E4E3C12C16629C00C41789 /* Assets.xcassets in Resources */,
			);
			runOnlyForDeploymentPostprocessing = 0;
		};
		62E4E3C82C16629C00C41789 /* Resources */ = {
			isa = PBXResourcesBuildPhase;
			buildActionMask = 2147483647;
			files = (
			);
			runOnlyForDeploymentPostprocessing = 0;
		};
/* End PBXResourcesBuildPhase section */

/* Begin PBXSourcesBuildPhase section */
		62E4E3B52C16629B00C41789 /* Sources */ = {
			isa = PBXSourcesBuildPhase;
			buildActionMask = 2147483647;
			files = (
				62E4E3BD2C16629B00C41789 /* BLEMacroApp.swift in Sources */,
			);
			runOnlyForDeploymentPostprocessing = 0;
		};
		62E4E3C62C16629C00C41789 /* Sources */ = {
			isa = PBXSourcesBuildPhase;
			buildActionMask = 2147483647;
			files = (
				62E4E3CF2C16629C00C41789 /* BLEMacroAppTests.swift in Sources */,
			);
			runOnlyForDeploymentPostprocessing = 0;
		};
/* End PBXSourcesBuildPhase section */

/* Begin PBXTargetDependency section */
		62E4E3CC2C16629C00C41789 /* PBXTargetDependency */ = {
			isa = PBXTargetDependency;
			target = 62E4E3B82C16629B00C41789 /* BLEMacroApp */;
			targetProxy = 62E4E3CB2C16629C00C41789 /* PBXContainerItemProxy */;
		};
/* End PBXTargetDependency section */

/* Begin XCBuildConfiguration section */
		62E4E3DC2C16629C00C41789 /* Debug */ = {
			isa = XCBuildConfiguration;
			buildSettings = {
				ALWAYS_SEARCH_USER_PATHS = NO;
				ASSETCATALOG_COMPILER_GENERATE_SWIFT_ASSET_SYMBOL_EXTENSIONS = YES;
				CLANG_ANALYZER_NONNULL = YES;
				CLANG_ANALYZER_NUMBER_OBJECT_CONVERSION = YES_AGGRESSIVE;
				CLANG_CXX_LANGUAGE_STANDARD = "gnu++20";
				CLANG_ENABLE_MODULES = YES;
				CLANG_ENABLE_OBJC_ARC = YES;
				CLANG_ENABLE_OBJC_WEAK = YES;
				CLANG_WARN_BLOCK_CAPTURE_AUTORELEASING = YES;
				CLANG_WARN_BOOL_CONVERSION = YES;
				CLANG_WARN_COMMA = YES;
				CLANG_WARN_CONSTANT_CONVERSION = YES;
				CLANG_WARN_DEPRECATED_OBJC_IMPLEMENTATIONS = YES;
				CLANG_WARN_DIRECT_OBJC_ISA_USAGE = YES_ERROR;
				CLANG_WARN_DOCUMENTATION_COMMENTS = YES;
				CLANG_WARN_EMPTY_BODY = YES;
				CLANG_WARN_ENUM_CONVERSION = YES;
				CLANG_WARN_INFINITE_RECURSION = YES;
				CLANG_WARN_INT_CONVERSION = YES;
				CLANG_WARN_NON_LITERAL_NULL_CONVERSION = YES;
				CLANG_WARN_OBJC_IMPLICIT_RETAIN_SELF = YES;
				CLANG_WARN_OBJC_LITERAL_CONVERSION = YES;
				CLANG_WARN_OBJC_ROOT_CLASS = YES_ERROR;
				CLANG_WARN_QUOTED_INCLUDE_IN_FRAMEWORK_HEADER = YES;
				CLANG_WARN_RANGE_LOOP_ANALYSIS = YES;
				CLANG_WARN_STRICT_PROTOTYPES = YES;
				CLANG_WARN_SUSPICIOUS_MOVE = YES;
				CLANG_WARN_UNGUARDED_AVAILABILITY = YES_AGGRESSIVE;
				CLANG_WARN_UNREACHABLE_CODE = YES;
				CLANG_WARN__DUPLICATE_METHOD_MATCH = YES;
				COPY_PHASE_STRIP = NO;
				DEAD_CODE_STRIPPING = YES;
				DEBUG_INFORMATION_FORMAT = dwarf;
				ENABLE_STRICT_OBJC_MSGSEND = YES;
				ENABLE_TESTABILITY = YES;
				ENABLE_USER_SCRIPT_SANDBOXING = YES;
				GCC_C_LANGUAGE_STANDARD = gnu17;
				GCC_DYNAMIC_NO_PIC = NO;
				GCC_NO_COMMON_BLOCKS = YES;
				GCC_OPTIMIZATION_LEVEL = 0;
				GCC_PREPROCESSOR_DEFINITIONS = (
					"DEBUG=1",
					"$(inherited)",
				);
				GCC_WARN_64_TO_32_BIT_CONVERSION = YES;
				GCC_WARN_ABOUT_RETURN_TYPE = YES_ERROR;
				GCC_WARN_UNDECLARED_SELECTOR = YES;
				GCC_WARN_UNINITIALIZED_AUTOS = YES_AGGRESSIVE;
				GCC_WARN_UNUSED_FUNCTION = YES;
				GCC_WARN_UNUSED_VARIABLE = YES;
				IPHONEOS_DEPLOYMENT_TARGET = 16.6;
				LOCALIZATION_PREFERS_STRING_CATALOGS = YES;
				MACOSX_DEPLOYMENT_TARGET = 13.5;
				MTL_ENABLE_DEBUG_INFO = INCLUDE_SOURCE;
				MTL_FAST_MATH = YES;
				ONLY_ACTIVE_ARCH = YES;
				SWIFT_ACTIVE_COMPILATION_CONDITIONS = "DEBUG $(inherited)";
				SWIFT_OPTIMIZATION_LEVEL = "-Onone";
				SWIFT_STRICT_CONCURRENCY = complete;
				SWIFT_VERSION = 6.0;
			};
			name = Debug;
		};
		62E4E3DD2C16629C00C41789 /* Release */ = {
			isa = XCBuildConfiguration;
			buildSettings = {
				ALWAYS_SEARCH_USER_PATHS = NO;
				ASSETCATALOG_COMPILER_GENERATE_SWIFT_ASSET_SYMBOL_EXTENSIONS = YES;
				CLANG_ANALYZER_NONNULL = YES;
				CLANG_ANALYZER_NUMBER_OBJECT_CONVERSION = YES_AGGRESSIVE;
				CLANG_CXX_LANGUAGE_STANDARD = "gnu++20";
				CLANG_ENABLE_MODULES = YES;
				CLANG_ENABLE_OBJC_ARC = YES;
				CLANG_ENABLE_OBJC_WEAK = YES;
				CLANG_WARN_BLOCK_CAPTURE_AUTORELEASING = YES;
				CLANG_WARN_BOOL_CONVERSION = YES;
				CLANG_WARN_COMMA = YES;
				CLANG_WARN_CONSTANT_CONVERSION = YES;
				CLANG_WARN_DEPRECATED_OBJC_IMPLEMENTATIONS = YES;
				CLANG_WARN_DIRECT_OBJC_ISA_USAGE = YES_ERROR;
				CLANG_WARN_DOCUMENTATION_COMMENTS = YES;
				CLANG_WARN_EMPTY_BODY = YES;
				CLANG_WARN_ENUM_CONVERSION = YES;
				CLANG_WARN_INFINITE_RECURSION = YES;
				CLANG_WARN_INT_CONVERSION = YES;
				CLANG_WARN_NON_LITERAL_NULL_CONVERSION = YES;
				CLANG_WARN_OBJC_IMPLICIT_RETAIN_SELF = YES;
				CLANG_WARN_OBJC_LITERAL_CONVERSION = YES;
				CLANG_WARN_OBJC_ROOT_CLASS = YES_ERROR;
				CLANG_WARN_QUOTED_INCLUDE_IN_FRAMEWORK_HEADER = YES;
				CLANG_WARN_RANGE_LOOP_ANALYSIS = YES;
				CLANG_WARN_STRICT_PROTOTYPES = YES;
				CLANG_WARN_SUSPICIOUS_MOVE = YES;
				CLANG_WARN_UNGUARDED_AVAILABILITY = YES_AGGRESSIVE;
				CLANG_WARN_UNREACHABLE_CODE = YES;
				CLANG_WARN__DUPLICATE_METHOD_MATCH = YES;
				COPY_PHASE_STRIP = NO;
				DEAD_CODE_STRIPPING = YES;
				DEBUG_INFORMATION_FORMAT = "dwarf-with-dsym";
				ENABLE_NS_ASSERTIONS = NO;
				ENABLE_STRICT_OBJC_MSGSEND = YES;
				ENABLE_USER_SCRIPT_SANDBOXING = YES;
				GCC_C_LANGUAGE_STANDARD = gnu17;
				GCC_NO_COMMON_BLOCKS = YES;
				GCC_WARN_64_TO_32_BIT_CONVERSION = YES;
				GCC_WARN_ABOUT_RETURN_TYPE = YES_ERROR;
				GCC_WARN_UNDECLARED_SELECTOR = YES;
				GCC_WARN_UNINITIALIZED_AUTOS = YES_AGGRESSIVE;
				GCC_WARN_UNUSED_FUNCTION = YES;
				GCC_WARN_UNUSED_VARIABLE = YES;
				IPHONEOS_DEPLOYMENT_TARGET = 16.6;
				LOCALIZATION_PREFERS_STRING_CATALOGS = YES;
				MACOSX_DEPLOYMENT_TARGET = 13.5;
				MTL_ENABLE_DEBUG_INFO = NO;
				MTL_FAST_MATH = YES;
				SWIFT_COMPILATION_MODE = wholemodule;
				SWIFT_STRICT_CONCURRENCY = complete;
				SWIFT_VERSION = 6.0;
			};
			name = Release;
		};
		62E4E3DF2C16629C00C41789 /* Debug */ = {
			isa = XCBuildConfiguration;
			buildSettings = {
				ASSETCATALOG_COMPILER_APPICON_NAME = AppIcon;
				ASSETCATALOG_COMPILER_GLOBAL_ACCENT_COLOR_NAME = AccentColor;
				CODE_SIGN_ENTITLEMENTS = App/BLEMacroApp.entitlements;
				CODE_SIGN_STYLE = Automatic;
				CURRENT_PROJECT_VERSION = 1;
				DEAD_CODE_STRIPPING = YES;
				DEVELOPMENT_ASSET_PATHS = "\"App/Preview Content\"";
				DEVELOPMENT_TEAM = 4KWK2Q5EB9;
				ENABLE_HARDENED_RUNTIME = YES;
				ENABLE_PREVIEWS = YES;
				GENERATE_INFOPLIST_FILE = YES;
				INFOPLIST_FILE = App/Info.plist;
				INFOPLIST_KEY_CFBundleDisplayName = "BLE Macro";
				INFOPLIST_KEY_LSApplicationCategoryType = "public.app-category.developer-tools";
				INFOPLIST_KEY_NSBluetoothAlwaysUsageDescription = "We need to access Bluetooth to connect and communicate with nearby BLE devices for debugging and controlling purposes. No data will be stored or tracked.";
				"INFOPLIST_KEY_UIApplicationSceneManifest_Generation[sdk=iphoneos*]" = YES;
				"INFOPLIST_KEY_UIApplicationSceneManifest_Generation[sdk=iphonesimulator*]" = YES;
				"INFOPLIST_KEY_UIApplicationSupportsIndirectInputEvents[sdk=iphoneos*]" = YES;
				"INFOPLIST_KEY_UIApplicationSupportsIndirectInputEvents[sdk=iphonesimulator*]" = YES;
				"INFOPLIST_KEY_UILaunchScreen_Generation[sdk=iphoneos*]" = YES;
				"INFOPLIST_KEY_UILaunchScreen_Generation[sdk=iphonesimulator*]" = YES;
				"INFOPLIST_KEY_UIStatusBarStyle[sdk=iphoneos*]" = UIStatusBarStyleDefault;
				"INFOPLIST_KEY_UIStatusBarStyle[sdk=iphonesimulator*]" = UIStatusBarStyleDefault;
				INFOPLIST_KEY_UISupportedInterfaceOrientations = "UIInterfaceOrientationLandscapeLeft UIInterfaceOrientationLandscapeRight UIInterfaceOrientationPortrait UIInterfaceOrientationPortraitUpsideDown";
				IPHONEOS_DEPLOYMENT_TARGET = 17.0;
				LD_RUNPATH_SEARCH_PATHS = "@executable_path/Frameworks";
				"LD_RUNPATH_SEARCH_PATHS[sdk=macosx*]" = "@executable_path/../Frameworks";
				MACOSX_DEPLOYMENT_TARGET = 14.5;
				MARKETING_VERSION = 1.0;
				PRODUCT_BUNDLE_IDENTIFIER = com.kuniwak.BLEMacroApp;
				PRODUCT_NAME = "$(TARGET_NAME)";
				SDKROOT = auto;
				SUPPORTED_PLATFORMS = "iphoneos iphonesimulator";
				SUPPORTS_MACCATALYST = NO;
				SWIFT_EMIT_LOC_STRINGS = YES;
				SWIFT_VERSION = "$(inherited)";
				TARGETED_DEVICE_FAMILY = "1,2";
			};
			name = Debug;
		};
		62E4E3E02C16629C00C41789 /* Release */ = {
			isa = XCBuildConfiguration;
			buildSettings = {
				ASSETCATALOG_COMPILER_APPICON_NAME = AppIcon;
				ASSETCATALOG_COMPILER_GLOBAL_ACCENT_COLOR_NAME = AccentColor;
				CODE_SIGN_ENTITLEMENTS = App/BLEMacroApp.entitlements;
				CODE_SIGN_STYLE = Automatic;
				CURRENT_PROJECT_VERSION = 1;
				DEAD_CODE_STRIPPING = YES;
				DEVELOPMENT_ASSET_PATHS = "\"App/Preview Content\"";
				DEVELOPMENT_TEAM = 4KWK2Q5EB9;
				ENABLE_HARDENED_RUNTIME = YES;
				ENABLE_PREVIEWS = YES;
				GENERATE_INFOPLIST_FILE = YES;
				INFOPLIST_FILE = App/Info.plist;
				INFOPLIST_KEY_CFBundleDisplayName = "BLE Macro";
				INFOPLIST_KEY_LSApplicationCategoryType = "public.app-category.developer-tools";
				INFOPLIST_KEY_NSBluetoothAlwaysUsageDescription = "We need to access Bluetooth to connect and communicate with nearby BLE devices for debugging and controlling purposes. No data will be stored or tracked.";
				"INFOPLIST_KEY_UIApplicationSceneManifest_Generation[sdk=iphoneos*]" = YES;
				"INFOPLIST_KEY_UIApplicationSceneManifest_Generation[sdk=iphonesimulator*]" = YES;
				"INFOPLIST_KEY_UIApplicationSupportsIndirectInputEvents[sdk=iphoneos*]" = YES;
				"INFOPLIST_KEY_UIApplicationSupportsIndirectInputEvents[sdk=iphonesimulator*]" = YES;
				"INFOPLIST_KEY_UILaunchScreen_Generation[sdk=iphoneos*]" = YES;
				"INFOPLIST_KEY_UILaunchScreen_Generation[sdk=iphonesimulator*]" = YES;
				"INFOPLIST_KEY_UIStatusBarStyle[sdk=iphoneos*]" = UIStatusBarStyleDefault;
				"INFOPLIST_KEY_UIStatusBarStyle[sdk=iphonesimulator*]" = UIStatusBarStyleDefault;
				INFOPLIST_KEY_UISupportedInterfaceOrientations = "UIInterfaceOrientationLandscapeLeft UIInterfaceOrientationLandscapeRight UIInterfaceOrientationPortrait UIInterfaceOrientationPortraitUpsideDown";
				IPHONEOS_DEPLOYMENT_TARGET = 17.0;
				LD_RUNPATH_SEARCH_PATHS = "@executable_path/Frameworks";
				"LD_RUNPATH_SEARCH_PATHS[sdk=macosx*]" = "@executable_path/../Frameworks";
				MACOSX_DEPLOYMENT_TARGET = 14.5;
				MARKETING_VERSION = 1.0;
				PRODUCT_BUNDLE_IDENTIFIER = com.kuniwak.BLEMacroApp;
				PRODUCT_NAME = "$(TARGET_NAME)";
				SDKROOT = auto;
				SUPPORTED_PLATFORMS = "iphoneos iphonesimulator";
				SUPPORTS_MACCATALYST = NO;
				SWIFT_EMIT_LOC_STRINGS = YES;
				SWIFT_VERSION = "$(inherited)";
				TARGETED_DEVICE_FAMILY = "1,2";
			};
			name = Release;
		};
		62E4E3E22C16629C00C41789 /* Debug */ = {
			isa = XCBuildConfiguration;
			buildSettings = {
				BUNDLE_LOADER = "$(TEST_HOST)";
				CODE_SIGN_STYLE = Automatic;
				CURRENT_PROJECT_VERSION = 1;
				DEAD_CODE_STRIPPING = YES;
				DEVELOPMENT_TEAM = 4KWK2Q5EB9;
				GENERATE_INFOPLIST_FILE = YES;
				IPHONEOS_DEPLOYMENT_TARGET = 16.6;
				MACOSX_DEPLOYMENT_TARGET = 14.4;
				MARKETING_VERSION = 1.0;
				PRODUCT_BUNDLE_IDENTIFIER = com.kuniwak.BLEMacroAppTests;
				PRODUCT_NAME = "$(TARGET_NAME)";
				SDKROOT = auto;
				SUPPORTED_PLATFORMS = "iphoneos iphonesimulator macosx";
				SWIFT_EMIT_LOC_STRINGS = NO;
				SWIFT_VERSION = "$(inherited)";
				TARGETED_DEVICE_FAMILY = "1,2";
				TEST_HOST = "$(BUILT_PRODUCTS_DIR)/BLEMacroApp.app/$(BUNDLE_EXECUTABLE_FOLDER_PATH)/BLEMacroApp";
			};
			name = Debug;
		};
		62E4E3E32C16629C00C41789 /* Release */ = {
			isa = XCBuildConfiguration;
			buildSettings = {
				BUNDLE_LOADER = "$(TEST_HOST)";
				CODE_SIGN_STYLE = Automatic;
				CURRENT_PROJECT_VERSION = 1;
				DEAD_CODE_STRIPPING = YES;
				DEVELOPMENT_TEAM = 4KWK2Q5EB9;
				GENERATE_INFOPLIST_FILE = YES;
				IPHONEOS_DEPLOYMENT_TARGET = 16.6;
				MACOSX_DEPLOYMENT_TARGET = 14.4;
				MARKETING_VERSION = 1.0;
				PRODUCT_BUNDLE_IDENTIFIER = com.kuniwak.BLEMacroAppTests;
				PRODUCT_NAME = "$(TARGET_NAME)";
				SDKROOT = auto;
				SUPPORTED_PLATFORMS = "iphoneos iphonesimulator macosx";
				SWIFT_EMIT_LOC_STRINGS = NO;
				SWIFT_VERSION = "$(inherited)";
				TARGETED_DEVICE_FAMILY = "1,2";
				TEST_HOST = "$(BUILT_PRODUCTS_DIR)/BLEMacroApp.app/$(BUNDLE_EXECUTABLE_FOLDER_PATH)/BLEMacroApp";
			};
			name = Release;
		};
/* End XCBuildConfiguration section */

/* Begin XCConfigurationList section */
		62E4E3B42C16629B00C41789 /* Build configuration list for PBXProject "BLEMacroApp" */ = {
			isa = XCConfigurationList;
			buildConfigurations = (
				62E4E3DC2C16629C00C41789 /* Debug */,
				62E4E3DD2C16629C00C41789 /* Release */,
			);
			defaultConfigurationIsVisible = 0;
			defaultConfigurationName = Release;
		};
		62E4E3DE2C16629C00C41789 /* Build configuration list for PBXNativeTarget "BLEMacroApp" */ = {
			isa = XCConfigurationList;
			buildConfigurations = (
				62E4E3DF2C16629C00C41789 /* Debug */,
				62E4E3E02C16629C00C41789 /* Release */,
			);
			defaultConfigurationIsVisible = 0;
			defaultConfigurationName = Release;
		};
		62E4E3E12C16629C00C41789 /* Build configuration list for PBXNativeTarget "BLEMacroAppTests" */ = {
			isa = XCConfigurationList;
			buildConfigurations = (
				62E4E3E22C16629C00C41789 /* Debug */,
				62E4E3E32C16629C00C41789 /* Release */,
			);
			defaultConfigurationIsVisible = 0;
			defaultConfigurationName = Release;
		};
/* End XCConfigurationList section */

/* Begin XCSwiftPackageProductDependency section */
		624D162E2C18F9310013C1EA /* Models */ = {
			isa = XCSwiftPackageProductDependency;
			productName = Models;
		};
		624D16302C18F9310013C1EA /* Views */ = {
			isa = XCSwiftPackageProductDependency;
			productName = Views;
		};
/* End XCSwiftPackageProductDependency section */
	};
	rootObject = 62E4E3B12C16629B00C41789 /* Project object */;
}
