{
  "pins" : [
    {
      "identity" : "core-bluetooth-testable",
      "kind" : "remoteSourceControl",
      "location" : "https://github.com/Kuniwak/core-bluetooth-testable.git",
      "state" : {
        "revision" : "1b69c37b6a62ac08665ee33c593af66fdb2ba428",
        "version" : "5.0.1"
      }
    },
    {
      "identity" : "editmenu",
      "kind" : "remoteSourceControl",
      "location" : "https://github.com/jayrhynas/EditMenu.git",
      "state" : {
        "revision" : "5fde7775a9c51ce864972ff0635355ec2ae04279",
        "version" : "0.0.1"
      }
    },
    {
      "identity" : "fuzi",
      "kind" : "remoteSourceControl",
      "location" : "https://github.com/cezheng/Fuzi",
      "state" : {
        "revision" : "f08c8323da21e985f3772610753bcfc652c2103f",
        "version" : "3.1.3"
      }
    },
    {
      "identity" : "mirrordiffkit",
      "kind" : "remoteSourceControl",
      "location" : "https://github.com/Kuniwak/MirrorDiffKit.git",
      "state" : {
        "revision" : "6d721f86bbc91621b382f5a6a5a2ebd135c256e5",
        "version" : "6.0.0"
      }
    },
    {
      "identity" : "sfsymbol",
      "kind" : "remoteSourceControl",
      "location" : "https://github.com/Nirma/SFSymbol.git",
      "state" : {
        "revision" : "1b127194b976a58ea460a2cbe10f00fa994b1ece",
        "version" : "2.3.0"
      }
    },
    {
      "identity" : "swift-ble-assigned-numbers",
      "kind" : "remoteSourceControl",
      "location" : "https://github.com/Kuniwak/swift-ble-assigned-numbers.git",
      "state" : {
        "revision" : "0ecdf9a49cf8ee9670eabc29825817202f7a2c8f",
        "version" : "2.0.0"
      }
    },
    {
      "identity" : "swift-ble-macro",
      "kind" : "remoteSourceControl",
      "location" : "https://github.com/Kuniwak/swift-ble-macro.git",
      "state" : {
        "revision" : "66d9fa8b97401818ec78090737c9d681b97efc44",
        "version" : "3.0.0"
      }
    },
    {
      "identity" : "swift-logger",
      "kind" : "remoteSourceControl",
      "location" : "https://github.com/Kuniwak/swift-logger.git",
      "state" : {
        "revision" : "109a9f7a47b40d8d82afa8a692472217c4da55a1",
        "version" : "2.0.0"
      }
    },
    {
      "identity" : "swift-syntax",
      "kind" : "remoteSourceControl",
      "location" : "https://github.com/apple/swift-syntax.git",
      "state" : {
        "revision" : "4c6cc0a3b9e8f14b3ae2307c5ccae4de6167ac2c",
        "version" : "600.0.0-prerelease-2024-06-12"
      }
    },
    {
      "identity" : "swift-testing",
      "kind" : "remoteSourceControl",
      "location" : "https://github.com/apple/swift-testing.git",
      "state" : {
        "revision" : "69d59cfc76e5daf498ca61f5af409f594768eef9",
        "version" : "0.10.0"
      }
    }
  ],
  "version" : 2
}
